<?xml version="1.0" encoding="UTF-8" standalone="yes" ?>
<CodeBlocks_project_file>
	<FileVersion major="1" minor="6" />
	<Project>
		<Option title="FreeMan" />
		<Option pch_mode="2" />
		<Option compiler="gcc" />
		<Build>
			<Target title="Debug">
				<Option output="bin\Debug\FreeMan" prefix_auto="1" extension_auto="1" />
				<Option object_output="obj\Debug\" />
				<Option type="1" />
				<Option compiler="gcc" />
				<Compiler>
					<Add option="-g" />
				</Compiler>
			</Target>
			<Target title="Release">
				<Option output="bin\Release\FreeMan" prefix_auto="1" extension_auto="1" />
				<Option object_output="obj\Release\" />
				<Option type="0" />
				<Option compiler="gcc" />
				<Compiler>
					<Add option="-O2" />
				</Compiler>
				<Linker>
					<Add option="-s" />
				</Linker>
			</Target>
			<Target title="Win32Debug_Martin">
				<Option output="bin\Debug\FreeMan" prefix_auto="1" extension_auto="1" />
				<Option object_output="obj\Debug\" />
				<Option type="1" />
				<Option compiler="gcc" />
				<Compiler>
					<Add option="-g" />
					<Add directory="C:\Documents and Settings\Martin\My Documents\CppProjects\FreeMan\include" />
					<Add directory="C:\Libs\SDL\include" />
				</Compiler>
				<Linker>
					<Add library="mingw32" />
					<Add library="SDLmain" />
					<Add library="SDL.dll" />
					<Add library="user32" />
					<Add library="gdi32" />
					<Add library="winmm" />
					<Add library="dxguid" />
					<Add directory="C:\Libs\SDL\lib" />
				</Linker>
			</Target>
			<Target title="Win32Debug_Patrick">
				<Option output="bin\Debug\FreeMan" prefix_auto="1" extension_auto="1" />
				<Option object_output="obj\Debug\" />
				<Option type="1" />
				<Option compiler="gcc" />
				<Compiler>
					<Add option="-g" />
					<Add directory="include" />
					<Add directory="D:\SDL-1.2.13\include" />
				</Compiler>
				<Linker>
					<Add library="mingw32" />
					<Add library="SDLmain" />
					<Add library="SDL.dll" />
					<Add library="user32" />
					<Add library="gdi32" />
					<Add library="winmm" />
					<Add library="dxguid" />
					<Add directory="D:\SDL-1.2.13\lib" />
				</Linker>
			</Target>
		</Build>
		<Compiler>
			<Add option="-Wall" />
		</Compiler>
		<Unit filename="include\display.h" />
		<Unit filename="include\map.h" />
		<Unit filename="include\visualobject.h" />
		<Unit filename="main.cpp" />
		<Unit filename="src\display.cpp" />
		<Unit filename="src\freeable.cpp" />
		<Unit filename="src\map.cpp" />
		<Unit filename="src\visualobject.cpp" />
		<Extensions>
			<code_completion />
			<debugger />
			<envvars />
		</Extensions>
	</Project>
</CodeBlocks_project_file>
